
Microsoft Visual Studio Solution File, Format Version 12.00
# Visual Studio Version 16
VisualStudioVersion = 16.0.33423.256
MinimumVisualStudioVersion = 10.0.40219.1
Project("{D2ABAB84-BF74-430A-B69E-9DC6D40DDA17}") = "Superstore_Clustering", "Superstore_Clustering\Superstore_Clustering.dwproj", "{5C656AE5-D9CD-42A1-A604-6741FAF46BFE}"
EndProject
Global
	GlobalSection(SolutionConfigurationPlatforms) = preSolution
		Development|Default = Development|Default
	EndGlobalSection
	GlobalSection(ProjectConfigurationPlatforms) = postSolution
		{5C656AE5-D9CD-42A1-A604-6741FAF46BFE}.Development|Default.ActiveCfg = Development
		{5C656AE5-D9CD-42A1-A604-6741FAF46BFE}.Development|Default.Build.0 = Development
		{5C656AE5-D9CD-42A1-A604-6741FAF46BFE}.Development|Default.Deploy.0 = Development
	EndGlobalSection
	GlobalSection(SolutionProperties) = preSolution
		HideSolutionNode = FALSE
	EndGlobalSection
	GlobalSection(ExtensibilityGlobals) = postSolution
		SolutionGuid = {2F722F7E-453D-485C-88AA-4B34DD9E6FBF}
	EndGlobalSection
EndGlobal
